
Microsoft Visual Studio Solution File, Format Version 12.00
# Visual Studio Version 16
VisualStudioVersion = 16.0.31313.79
MinimumVisualStudioVersion = 10.0.40219.1
Project("{F184B08F-C81C-45F6-A57F-5ABD9991F28F}") = "LIBRARY MANAGEMENT SYSTEM PROJECT", "LIBRARY MANAGEMENT SYSTEM PROJECT\LIBRARY MANAGEMENT SYSTEM PROJECT.vbproj", "{03D800D5-978B-40F0-AB55-6AD130AED090}"
EndProject
Global
	GlobalSection(SolutionConfigurationPlatforms) = preSolution
		Debug|Any CPU = Debug|Any CPU
		Release|Any CPU = Release|Any CPU
	EndGlobalSection
	GlobalSection(ProjectConfigurationPlatforms) = postSolution
		{03D800D5-978B-40F0-AB55-6AD130AED090}.Debug|Any CPU.ActiveCfg = Debug|Any CPU
		{03D800D5-978B-40F0-AB55-6AD130AED090}.Debug|Any CPU.Build.0 = Debug|Any CPU
		{03D800D5-978B-40F0-AB55-6AD130AED090}.Release|Any CPU.ActiveCfg = Release|Any CPU
		{03D800D5-978B-40F0-AB55-6AD130AED090}.Release|Any CPU.Build.0 = Release|Any CPU
	EndGlobalSection
	GlobalSection(SolutionProperties) = preSolution
		HideSolutionNode = FALSE
	EndGlobalSection
	GlobalSection(ExtensibilityGlobals) = postSolution
		SolutionGuid = {7C708D77-A118-4D8E-ADC5-D82BF1C2C78C}
	EndGlobalSection
EndGlobal
